
Microsoft Visual Studio Solution File, Format Version 12.00
# Visual Studio 15
Project("{FAE04EC0-301F-11D3-BF4B-00C04F79EFBC}") = "FizzBuzz", "FizzBuzz\FizzBuzz.csproj", "{BA44A6B7-DF44-4DF5-8415-18A03639C572}"
EndProject
Project("{FAE04EC0-301F-11D3-BF4B-00C04F79EFBC}") = "FizzBuzzTest", "FizzBuzzTest\FizzBuzzTest.csproj", "{AFD822F1-1891-48EA-931A-CDA6F9ED5D55}"
EndProject
Global
	GlobalSection(SolutionConfigurationPlatforms) = preSolution
		Debug|Any CPU = Debug|Any CPU
		Release|Any CPU = Release|Any CPU
	EndGlobalSection
	GlobalSection(ProjectConfigurationPlatforms) = postSolution
		{BA44A6B7-DF44-4DF5-8415-18A03639C572}.Debug|Any CPU.ActiveCfg = Debug|Any CPU
		{BA44A6B7-DF44-4DF5-8415-18A03639C572}.Debug|Any CPU.Build.0 = Debug|Any CPU
		{BA44A6B7-DF44-4DF5-8415-18A03639C572}.Release|Any CPU.ActiveCfg = Release|Any CPU
		{BA44A6B7-DF44-4DF5-8415-18A03639C572}.Release|Any CPU.Build.0 = Release|Any CPU
		{AFD822F1-1891-48EA-931A-CDA6F9ED5D55}.Debug|Any CPU.ActiveCfg = Debug|Any CPU
		{AFD822F1-1891-48EA-931A-CDA6F9ED5D55}.Debug|Any CPU.Build.0 = Debug|Any CPU
		{AFD822F1-1891-48EA-931A-CDA6F9ED5D55}.Release|Any CPU.ActiveCfg = Release|Any CPU
		{AFD822F1-1891-48EA-931A-CDA6F9ED5D55}.Release|Any CPU.Build.0 = Release|Any CPU
	EndGlobalSection
EndGlobal
